
Microsoft Visual Studio Solution File, Format Version 12.00
# Visual Studio Version 17
VisualStudioVersion = 17.8.34511.84
MinimumVisualStudioVersion = 10.0.40219.1
Project("{FAE04EC0-301F-11D3-BF4B-00C04F79EFBC}") = "HomeWork01", "HomeWork01\HomeWork01.csproj", "{5AB98740-3696-4C9C-9FC5-4A0BE270FE5F}"
EndProject
Project("{2150E333-8FDC-42A3-9474-1A3956D46DE8}") = "Solution Items", "Solution Items", "{5ACEA87A-0926-47EF-9CC1-08DA75631183}"
	ProjectSection(SolutionItems) = preProject
		README.md = README.md
	EndProjectSection
EndProject
Global
	GlobalSection(SolutionConfigurationPlatforms) = preSolution
		Debug|Any CPU = Debug|Any CPU
		Release|Any CPU = Release|Any CPU
	EndGlobalSection
	GlobalSection(ProjectConfigurationPlatforms) = postSolution
		{5AB98740-3696-4C9C-9FC5-4A0BE270FE5F}.Debug|Any CPU.ActiveCfg = Debug|Any CPU
		{5AB98740-3696-4C9C-9FC5-4A0BE270FE5F}.Debug|Any CPU.Build.0 = Debug|Any CPU
		{5AB98740-3696-4C9C-9FC5-4A0BE270FE5F}.Release|Any CPU.ActiveCfg = Release|Any CPU
		{5AB98740-3696-4C9C-9FC5-4A0BE270FE5F}.Release|Any CPU.Build.0 = Release|Any CPU
	EndGlobalSection
	GlobalSection(SolutionProperties) = preSolution
		HideSolutionNode = FALSE
	EndGlobalSection
	GlobalSection(ExtensibilityGlobals) = postSolution
		SolutionGuid = {F414E463-0CBC-440E-9B67-FF4FC74A459E}
	EndGlobalSection
EndGlobal
